
Microsoft Visual Studio Solution File, Format Version 12.00
# Visual Studio Version 17
VisualStudioVersion = 17.5.33530.505
MinimumVisualStudioVersion = 10.0.40219.1
Project("{9A19103F-16F7-4668-BE54-9A1E7A4F7556}") = "ConsoleTableMaker", "ConsoleTableMaker\ConsoleTableMaker.csproj", "{9F017EA2-9866-458E-80E2-7B49BA7E3D7B}"
EndProject
Project("{9A19103F-16F7-4668-BE54-9A1E7A4F7556}") = "Examples", "Examples\Examples.csproj", "{E0081333-2298-46C1-9878-64D85AC65539}"
EndProject
Global
	GlobalSection(SolutionConfigurationPlatforms) = preSolution
		Debug|Any CPU = Debug|Any CPU
		Release|Any CPU = Release|Any CPU
	EndGlobalSection
	GlobalSection(ProjectConfigurationPlatforms) = postSolution
		{9F017EA2-9866-458E-80E2-7B49BA7E3D7B}.Debug|Any CPU.ActiveCfg = Debug|Any CPU
		{9F017EA2-9866-458E-80E2-7B49BA7E3D7B}.Debug|Any CPU.Build.0 = Debug|Any CPU
		{9F017EA2-9866-458E-80E2-7B49BA7E3D7B}.Release|Any CPU.ActiveCfg = Release|Any CPU
		{9F017EA2-9866-458E-80E2-7B49BA7E3D7B}.Release|Any CPU.Build.0 = Release|Any CPU
		{E0081333-2298-46C1-9878-64D85AC65539}.Debug|Any CPU.ActiveCfg = Debug|Any CPU
		{E0081333-2298-46C1-9878-64D85AC65539}.Debug|Any CPU.Build.0 = Debug|Any CPU
		{E0081333-2298-46C1-9878-64D85AC65539}.Release|Any CPU.ActiveCfg = Release|Any CPU
		{E0081333-2298-46C1-9878-64D85AC65539}.Release|Any CPU.Build.0 = Release|Any CPU
	EndGlobalSection
	GlobalSection(SolutionProperties) = preSolution
		HideSolutionNode = FALSE
	EndGlobalSection
	GlobalSection(ExtensibilityGlobals) = postSolution
		SolutionGuid = {67FEED94-6A4D-445E-9642-EA572DB16E3B}
	EndGlobalSection
EndGlobal
