
Microsoft Visual Studio Solution File, Format Version 12.00
# Visual Studio Version 17
VisualStudioVersion = 17.5.33530.505
MinimumVisualStudioVersion = 10.0.40219.1
Project("{FAE04EC0-301F-11D3-BF4B-00C04F79EFBC}") = "ConsoleGridMaker", "ConsoleGridMaker\ConsoleGridMaker.csproj", "{49D1A4E2-DB5F-484A-B127-BCA6DE9EB1D5}"
EndProject
Global
	GlobalSection(SolutionConfigurationPlatforms) = preSolution
		Debug|Any CPU = Debug|Any CPU
		Release|Any CPU = Release|Any CPU
	EndGlobalSection
	GlobalSection(ProjectConfigurationPlatforms) = postSolution
		{49D1A4E2-DB5F-484A-B127-BCA6DE9EB1D5}.Debug|Any CPU.ActiveCfg = Debug|Any CPU
		{49D1A4E2-DB5F-484A-B127-BCA6DE9EB1D5}.Debug|Any CPU.Build.0 = Debug|Any CPU
		{49D1A4E2-DB5F-484A-B127-BCA6DE9EB1D5}.Release|Any CPU.ActiveCfg = Release|Any CPU
		{49D1A4E2-DB5F-484A-B127-BCA6DE9EB1D5}.Release|Any CPU.Build.0 = Release|Any CPU
	EndGlobalSection
	GlobalSection(SolutionProperties) = preSolution
		HideSolutionNode = FALSE
	EndGlobalSection
	GlobalSection(ExtensibilityGlobals) = postSolution
		SolutionGuid = {67FEED94-6A4D-445E-9642-EA572DB16E3B}
	EndGlobalSection
EndGlobal
